
Microsoft Visual Studio Solution File, Format Version 12.00
# Visual Studio 15
VisualStudioVersion = 15.0.27130.2027
MinimumVisualStudioVersion = 10.0.40219.1
Project("{FAE04EC0-301F-11D3-BF4B-00C04F79EFBC}") = "XamlExemplos.Android", "XamlExemplos\XamlExemplos.Android\XamlExemplos.Android.csproj", "{3A06C16E-9E11-456B-AF1C-D73AE9DE6F7D}"
EndProject
Project("{FAE04EC0-301F-11D3-BF4B-00C04F79EFBC}") = "XamlExemplos.iOS", "XamlExemplos\XamlExemplos.iOS\XamlExemplos.iOS.csproj", "{DC1A1DF3-A09A-499E-A5EA-F1A6E7B24BDC}"
EndProject
Project("{FAE04EC0-301F-11D3-BF4B-00C04F79EFBC}") = "XamlExemplos.UWP", "XamlExemplos\XamlExemplos.UWP\XamlExemplos.UWP.csproj", "{039A6756-A441-4DF5-B057-878B19AB6436}"
EndProject
Project("{FAE04EC0-301F-11D3-BF4B-00C04F79EFBC}") = "XamlExemplos", "XamlExemplos\XamlExemplos\XamlExemplos.csproj", "{D4892CC1-AAE1-4E4C-B3AB-545D9B059799}"
EndProject
Global
	GlobalSection(SolutionConfigurationPlatforms) = preSolution
		Ad-Hoc|Any CPU = Ad-Hoc|Any CPU
		Ad-Hoc|ARM = Ad-Hoc|ARM
		Ad-Hoc|iPhone = Ad-Hoc|iPhone
		Ad-Hoc|iPhoneSimulator = Ad-Hoc|iPhoneSimulator
		Ad-Hoc|x64 = Ad-Hoc|x64
		Ad-Hoc|x86 = Ad-Hoc|x86
		AppStore|Any CPU = AppStore|Any CPU
		AppStore|ARM = AppStore|ARM
		AppStore|iPhone = AppStore|iPhone
		AppStore|iPhoneSimulator = AppStore|iPhoneSimulator
		AppStore|x64 = AppStore|x64
		AppStore|x86 = AppStore|x86
		Debug|Any CPU = Debug|Any CPU
		Debug|ARM = Debug|ARM
		Debug|iPhone = Debug|iPhone
		Debug|iPhoneSimulator = Debug|iPhoneSimulator
		Debug|x64 = Debug|x64
		Debug|x86 = Debug|x86
		Release|Any CPU = Release|Any CPU
		Release|ARM = Release|ARM
		Release|iPhone = Release|iPhone
		Release|iPhoneSimulator = Release|iPhoneSimulator
		Release|x64 = Release|x64
		Release|x86 = Release|x86
	EndGlobalSection
	GlobalSection(ProjectConfigurationPlatforms) = postSolution
		{3A06C16E-9E11-456B-AF1C-D73AE9DE6F7D}.Ad-Hoc|Any CPU.ActiveCfg = Release|Any CPU
		{3A06C16E-9E11-456B-AF1C-D73AE9DE6F7D}.Ad-Hoc|Any CPU.Build.0 = Release|Any CPU
		{3A06C16E-9E11-456B-AF1C-D73AE9DE6F7D}.Ad-Hoc|Any CPU.Deploy.0 = Release|Any CPU
		{3A06C16E-9E11-456B-AF1C-D73AE9DE6F7D}.Ad-Hoc|ARM.ActiveCfg = Release|Any CPU
		{3A06C16E-9E11-456B-AF1C-D73AE9DE6F7D}.Ad-Hoc|ARM.Build.0 = Release|Any CPU
		{3A06C16E-9E11-456B-AF1C-D73AE9DE6F7D}.Ad-Hoc|ARM.Deploy.0 = Release|Any CPU
		{3A06C16E-9E11-456B-AF1C-D73AE9DE6F7D}.Ad-Hoc|iPhone.ActiveCfg = Release|Any CPU
		{3A06C16E-9E11-456B-AF1C-D73AE9DE6F7D}.Ad-Hoc|iPhone.Build.0 = Release|Any CPU
		{3A06C16E-9E11-456B-AF1C-D73AE9DE6F7D}.Ad-Hoc|iPhone.Deploy.0 = Release|Any CPU
		{3A06C16E-9E11-456B-AF1C-D73AE9DE6F7D}.Ad-Hoc|iPhoneSimulator.ActiveCfg = Release|Any CPU
		{3A06C16E-9E11-456B-AF1C-D73AE9DE6F7D}.Ad-Hoc|iPhoneSimulator.Build.0 = Release|Any CPU
		{3A06C16E-9E11-456B-AF1C-D73AE9DE6F7D}.Ad-Hoc|iPhoneSimulator.Deploy.0 = Release|Any CPU
		{3A06C16E-9E11-456B-AF1C-D73AE9DE6F7D}.Ad-Hoc|x64.ActiveCfg = Release|Any CPU
		{3A06C16E-9E11-456B-AF1C-D73AE9DE6F7D}.Ad-Hoc|x64.Build.0 = Release|Any CPU
		{3A06C16E-9E11-456B-AF1C-D73AE9DE6F7D}.Ad-Hoc|x64.Deploy.0 = Release|Any CPU
		{3A06C16E-9E11-456B-AF1C-D73AE9DE6F7D}.Ad-Hoc|x86.ActiveCfg = Release|Any CPU
		{3A06C16E-9E11-456B-AF1C-D73AE9DE6F7D}.Ad-Hoc|x86.Build.0 = Release|Any CPU
		{3A06C16E-9E11-456B-AF1C-D73AE9DE6F7D}.Ad-Hoc|x86.Deploy.0 = Release|Any CPU
		{3A06C16E-9E11-456B-AF1C-D73AE9DE6F7D}.AppStore|Any CPU.ActiveCfg = Release|Any CPU
		{3A06C16E-9E11-456B-AF1C-D73AE9DE6F7D}.AppStore|Any CPU.Build.0 = Release|Any CPU
		{3A06C16E-9E11-456B-AF1C-D73AE9DE6F7D}.AppStore|Any CPU.Deploy.0 = Release|Any CPU
		{3A06C16E-9E11-456B-AF1C-D73AE9DE6F7D}.AppStore|ARM.ActiveCfg = Release|Any CPU
		{3A06C16E-9E11-456B-AF1C-D73AE9DE6F7D}.AppStore|ARM.Build.0 = Release|Any CPU
		{3A06C16E-9E11-456B-AF1C-D73AE9DE6F7D}.AppStore|ARM.Deploy.0 = Release|Any CPU
		{3A06C16E-9E11-456B-AF1C-D73AE9DE6F7D}.AppStore|iPhone.ActiveCfg = Release|Any CPU
		{3A06C16E-9E11-456B-AF1C-D73AE9DE6F7D}.AppStore|iPhone.Build.0 = Release|Any CPU
		{3A06C16E-9E11-456B-AF1C-D73AE9DE6F7D}.AppStore|iPhone.Deploy.0 = Release|Any CPU
		{3A06C16E-9E11-456B-AF1C-D73AE9DE6F7D}.AppStore|iPhoneSimulator.ActiveCfg = Release|Any CPU
		{3A06C16E-9E11-456B-AF1C-D73AE9DE6F7D}.AppStore|iPhoneSimulator.Build.0 = Release|Any CPU
		{3A06C16E-9E11-456B-AF1C-D73AE9DE6F7D}.AppStore|iPhoneSimulator.Deploy.0 = Release|Any CPU
		{3A06C16E-9E11-456B-AF1C-D73AE9DE6F7D}.AppStore|x64.ActiveCfg = Release|Any CPU
		{3A06C16E-9E11-456B-AF1C-D73AE9DE6F7D}.AppStore|x64.Build.0 = Release|Any CPU
		{3A06C16E-9E11-456B-AF1C-D73AE9DE6F7D}.AppStore|x64.Deploy.0 = Release|Any CPU
		{3A06C16E-9E11-456B-AF1C-D73AE9DE6F7D}.AppStore|x86.ActiveCfg = Release|Any CPU
		{3A06C16E-9E11-456B-AF1C-D73AE9DE6F7D}.AppStore|x86.Build.0 = Release|Any CPU
		{3A06C16E-9E11-456B-AF1C-D73AE9DE6F7D}.AppStore|x86.Deploy.0 = Release|Any CPU
		{3A06C16E-9E11-456B-AF1C-D73AE9DE6F7D}.Debug|Any CPU.ActiveCfg = Debug|Any CPU
		{3A06C16E-9E11-456B-AF1C-D73AE9DE6F7D}.Debug|Any CPU.Build.0 = Debug|Any CPU
		{3A06C16E-9E11-456B-AF1C-D73AE9DE6F7D}.Debug|Any CPU.Deploy.0 = Debug|Any CPU
		{3A06C16E-9E11-456B-AF1C-D73AE9DE6F7D}.Debug|ARM.ActiveCfg = Debug|Any CPU
		{3A06C16E-9E11-456B-AF1C-D73AE9DE6F7D}.Debug|ARM.Build.0 = Debug|Any CPU
		{3A06C16E-9E11-456B-AF1C-D73AE9DE6F7D}.Debug|ARM.Deploy.0 = Debug|Any CPU
		{3A06C16E-9E11-456B-AF1C-D73AE9DE6F7D}.Debug|iPhone.ActiveCfg = Debug|Any CPU
		{3A06C16E-9E11-456B-AF1C-D73AE9DE6F7D}.Debug|iPhone.Build.0 = Debug|Any CPU
		{3A06C16E-9E11-456B-AF1C-D73AE9DE6F7D}.Debug|iPhone.Deploy.0 = Debug|Any CPU
		{3A06C16E-9E11-456B-AF1C-D73AE9DE6F7D}.Debug|iPhoneSimulator.ActiveCfg = Debug|Any CPU
		{3A06C16E-9E11-456B-AF1C-D73AE9DE6F7D}.Debug|iPhoneSimulator.Build.0 = Debug|Any CPU
		{3A06C16E-9E11-456B-AF1C-D73AE9DE6F7D}.Debug|iPhoneSimulator.Deploy.0 = Debug|Any CPU
		{3A06C16E-9E11-456B-AF1C-D73AE9DE6F7D}.Debug|x64.ActiveCfg = Debug|Any CPU
		{3A06C16E-9E11-456B-AF1C-D73AE9DE6F7D}.Debug|x64.Build.0 = Debug|Any CPU
		{3A06C16E-9E11-456B-AF1C-D73AE9DE6F7D}.Debug|x64.Deploy.0 = Debug|Any CPU
		{3A06C16E-9E11-456B-AF1C-D73AE9DE6F7D}.Debug|x86.ActiveCfg = Debug|Any CPU
		{3A06C16E-9E11-456B-AF1C-D73AE9DE6F7D}.Debug|x86.Build.0 = Debug|Any CPU
		{3A06C16E-9E11-456B-AF1C-D73AE9DE6F7D}.Debug|x86.Deploy.0 = Debug|Any CPU
		{3A06C16E-9E11-456B-AF1C-D73AE9DE6F7D}.Release|Any CPU.ActiveCfg = Release|Any CPU
		{3A06C16E-9E11-456B-AF1C-D73AE9DE6F7D}.Release|Any CPU.Build.0 = Release|Any CPU
		{3A06C16E-9E11-456B-AF1C-D73AE9DE6F7D}.Release|Any CPU.Deploy.0 = Release|Any CPU
		{3A06C16E-9E11-456B-AF1C-D73AE9DE6F7D}.Release|ARM.ActiveCfg = Release|Any CPU
		{3A06C16E-9E11-456B-AF1C-D73AE9DE6F7D}.Release|ARM.Build.0 = Release|Any CPU
		{3A06C16E-9E11-456B-AF1C-D73AE9DE6F7D}.Release|ARM.Deploy.0 = Release|Any CPU
		{3A06C16E-9E11-456B-AF1C-D73AE9DE6F7D}.Release|iPhone.ActiveCfg = Release|Any CPU
		{3A06C16E-9E11-456B-AF1C-D73AE9DE6F7D}.Release|iPhone.Build.0 = Release|Any CPU
		{3A06C16E-9E11-456B-AF1C-D73AE9DE6F7D}.Release|iPhone.Deploy.0 = Release|Any CPU
		{3A06C16E-9E11-456B-AF1C-D73AE9DE6F7D}.Release|iPhoneSimulator.ActiveCfg = Release|Any CPU
		{3A06C16E-9E11-456B-AF1C-D73AE9DE6F7D}.Release|iPhoneSimulator.Build.0 = Release|Any CPU
		{3A06C16E-9E11-456B-AF1C-D73AE9DE6F7D}.Release|iPhoneSimulator.Deploy.0 = Release|Any CPU
		{3A06C16E-9E11-456B-AF1C-D73AE9DE6F7D}.Release|x64.ActiveCfg = Release|Any CPU
		{3A06C16E-9E11-456B-AF1C-D73AE9DE6F7D}.Release|x64.Build.0 = Release|Any CPU
		{3A06C16E-9E11-456B-AF1C-D73AE9DE6F7D}.Release|x64.Deploy.0 = Release|Any CPU
		{3A06C16E-9E11-456B-AF1C-D73AE9DE6F7D}.Release|x86.ActiveCfg = Release|Any CPU
		{3A06C16E-9E11-456B-AF1C-D73AE9DE6F7D}.Release|x86.Build.0 = Release|Any CPU
		{3A06C16E-9E11-456B-AF1C-D73AE9DE6F7D}.Release|x86.Deploy.0 = Release|Any CPU
		{DC1A1DF3-A09A-499E-A5EA-F1A6E7B24BDC}.Ad-Hoc|Any CPU.ActiveCfg = Ad-Hoc|iPhone
		{DC1A1DF3-A09A-499E-A5EA-F1A6E7B24BDC}.Ad-Hoc|ARM.ActiveCfg = Ad-Hoc|iPhone
		{DC1A1DF3-A09A-499E-A5EA-F1A6E7B24BDC}.Ad-Hoc|iPhone.ActiveCfg = Ad-Hoc|iPhone
		{DC1A1DF3-A09A-499E-A5EA-F1A6E7B24BDC}.Ad-Hoc|iPhone.Build.0 = Ad-Hoc|iPhone
		{DC1A1DF3-A09A-499E-A5EA-F1A6E7B24BDC}.Ad-Hoc|iPhoneSimulator.ActiveCfg = Ad-Hoc|iPhoneSimulator
		{DC1A1DF3-A09A-499E-A5EA-F1A6E7B24BDC}.Ad-Hoc|iPhoneSimulator.Build.0 = Ad-Hoc|iPhoneSimulator
		{DC1A1DF3-A09A-499E-A5EA-F1A6E7B24BDC}.Ad-Hoc|x64.ActiveCfg = Ad-Hoc|iPhone
		{DC1A1DF3-A09A-499E-A5EA-F1A6E7B24BDC}.Ad-Hoc|x86.ActiveCfg = Ad-Hoc|iPhone
		{DC1A1DF3-A09A-499E-A5EA-F1A6E7B24BDC}.AppStore|Any CPU.ActiveCfg = AppStore|iPhone
		{DC1A1DF3-A09A-499E-A5EA-F1A6E7B24BDC}.AppStore|ARM.ActiveCfg = AppStore|iPhone
		{DC1A1DF3-A09A-499E-A5EA-F1A6E7B24BDC}.AppStore|iPhone.ActiveCfg = AppStore|iPhone
		{DC1A1DF3-A09A-499E-A5EA-F1A6E7B24BDC}.AppStore|iPhone.Build.0 = AppStore|iPhone
		{DC1A1DF3-A09A-499E-A5EA-F1A6E7B24BDC}.AppStore|iPhoneSimulator.ActiveCfg = AppStore|iPhoneSimulator
		{DC1A1DF3-A09A-499E-A5EA-F1A6E7B24BDC}.AppStore|iPhoneSimulator.Build.0 = AppStore|iPhoneSimulator
		{DC1A1DF3-A09A-499E-A5EA-F1A6E7B24BDC}.AppStore|x64.ActiveCfg = AppStore|iPhone
		{DC1A1DF3-A09A-499E-A5EA-F1A6E7B24BDC}.AppStore|x86.ActiveCfg = AppStore|iPhone
		{DC1A1DF3-A09A-499E-A5EA-F1A6E7B24BDC}.Debug|Any CPU.ActiveCfg = Debug|iPhone
		{DC1A1DF3-A09A-499E-A5EA-F1A6E7B24BDC}.Debug|ARM.ActiveCfg = Debug|iPhone
		{DC1A1DF3-A09A-499E-A5EA-F1A6E7B24BDC}.Debug|iPhone.ActiveCfg = Debug|iPhone
		{DC1A1DF3-A09A-499E-A5EA-F1A6E7B24BDC}.Debug|iPhone.Build.0 = Debug|iPhone
		{DC1A1DF3-A09A-499E-A5EA-F1A6E7B24BDC}.Debug|iPhoneSimulator.ActiveCfg = Debug|iPhoneSimulator
		{DC1A1DF3-A09A-499E-A5EA-F1A6E7B24BDC}.Debug|iPhoneSimulator.Build.0 = Debug|iPhoneSimulator
		{DC1A1DF3-A09A-499E-A5EA-F1A6E7B24BDC}.Debug|x64.ActiveCfg = Debug|iPhone
		{DC1A1DF3-A09A-499E-A5EA-F1A6E7B24BDC}.Debug|x86.ActiveCfg = Debug|iPhone
		{DC1A1DF3-A09A-499E-A5EA-F1A6E7B24BDC}.Release|Any CPU.ActiveCfg = Release|iPhone
		{DC1A1DF3-A09A-499E-A5EA-F1A6E7B24BDC}.Release|ARM.ActiveCfg = Release|iPhone
		{DC1A1DF3-A09A-499E-A5EA-F1A6E7B24BDC}.Release|iPhone.ActiveCfg = Release|iPhone
		{DC1A1DF3-A09A-499E-A5EA-F1A6E7B24BDC}.Release|iPhone.Build.0 = Release|iPhone
		{DC1A1DF3-A09A-499E-A5EA-F1A6E7B24BDC}.Release|iPhoneSimulator.ActiveCfg = Release|iPhoneSimulator
		{DC1A1DF3-A09A-499E-A5EA-F1A6E7B24BDC}.Release|iPhoneSimulator.Build.0 = Release|iPhoneSimulator
		{DC1A1DF3-A09A-499E-A5EA-F1A6E7B24BDC}.Release|x64.ActiveCfg = Release|iPhone
		{DC1A1DF3-A09A-499E-A5EA-F1A6E7B24BDC}.Release|x86.ActiveCfg = Release|iPhone
		{039A6756-A441-4DF5-B057-878B19AB6436}.Ad-Hoc|Any CPU.ActiveCfg = Release|x86
		{039A6756-A441-4DF5-B057-878B19AB6436}.Ad-Hoc|Any CPU.Build.0 = Release|x86
		{039A6756-A441-4DF5-B057-878B19AB6436}.Ad-Hoc|Any CPU.Deploy.0 = Release|x86
		{039A6756-A441-4DF5-B057-878B19AB6436}.Ad-Hoc|ARM.ActiveCfg = Release|ARM
		{039A6756-A441-4DF5-B057-878B19AB6436}.Ad-Hoc|ARM.Build.0 = Release|ARM
		{039A6756-A441-4DF5-B057-878B19AB6436}.Ad-Hoc|ARM.Deploy.0 = Release|ARM
		{039A6756-A441-4DF5-B057-878B19AB6436}.Ad-Hoc|iPhone.ActiveCfg = Release|x86
		{039A6756-A441-4DF5-B057-878B19AB6436}.Ad-Hoc|iPhone.Build.0 = Release|x86
		{039A6756-A441-4DF5-B057-878B19AB6436}.Ad-Hoc|iPhone.Deploy.0 = Release|x86
		{039A6756-A441-4DF5-B057-878B19AB6436}.Ad-Hoc|iPhoneSimulator.ActiveCfg = Release|x86
		{039A6756-A441-4DF5-B057-878B19AB6436}.Ad-Hoc|iPhoneSimulator.Build.0 = Release|x86
		{039A6756-A441-4DF5-B057-878B19AB6436}.Ad-Hoc|iPhoneSimulator.Deploy.0 = Release|x86
		{039A6756-A441-4DF5-B057-878B19AB6436}.Ad-Hoc|x64.ActiveCfg = Release|x64
		{039A6756-A441-4DF5-B057-878B19AB6436}.Ad-Hoc|x64.Build.0 = Release|x64
		{039A6756-A441-4DF5-B057-878B19AB6436}.Ad-Hoc|x64.Deploy.0 = Release|x64
		{039A6756-A441-4DF5-B057-878B19AB6436}.Ad-Hoc|x86.ActiveCfg = Release|x86
		{039A6756-A441-4DF5-B057-878B19AB6436}.Ad-Hoc|x86.Build.0 = Release|x86
		{039A6756-A441-4DF5-B057-878B19AB6436}.Ad-Hoc|x86.Deploy.0 = Release|x86
		{039A6756-A441-4DF5-B057-878B19AB6436}.AppStore|Any CPU.ActiveCfg = Release|x86
		{039A6756-A441-4DF5-B057-878B19AB6436}.AppStore|Any CPU.Build.0 = Release|x86
		{039A6756-A441-4DF5-B057-878B19AB6436}.AppStore|Any CPU.Deploy.0 = Release|x86
		{039A6756-A441-4DF5-B057-878B19AB6436}.AppStore|ARM.ActiveCfg = Release|ARM
		{039A6756-A441-4DF5-B057-878B19AB6436}.AppStore|ARM.Build.0 = Release|ARM
		{039A6756-A441-4DF5-B057-878B19AB6436}.AppStore|ARM.Deploy.0 = Release|ARM
		{039A6756-A441-4DF5-B057-878B19AB6436}.AppStore|iPhone.ActiveCfg = Release|x86
		{039A6756-A441-4DF5-B057-878B19AB6436}.AppStore|iPhone.Build.0 = Release|x86
		{039A6756-A441-4DF5-B057-878B19AB6436}.AppStore|iPhone.Deploy.0 = Release|x86
		{039A6756-A441-4DF5-B057-878B19AB6436}.AppStore|iPhoneSimulator.ActiveCfg = Release|x86
		{039A6756-A441-4DF5-B057-878B19AB6436}.AppStore|iPhoneSimulator.Build.0 = Release|x86
		{039A6756-A441-4DF5-B057-878B19AB6436}.AppStore|iPhoneSimulator.Deploy.0 = Release|x86
		{039A6756-A441-4DF5-B057-878B19AB6436}.AppStore|x64.ActiveCfg = Release|x64
		{039A6756-A441-4DF5-B057-878B19AB6436}.AppStore|x64.Build.0 = Release|x64
		{039A6756-A441-4DF5-B057-878B19AB6436}.AppStore|x64.Deploy.0 = Release|x64
		{039A6756-A441-4DF5-B057-878B19AB6436}.AppStore|x86.ActiveCfg = Release|x86
		{039A6756-A441-4DF5-B057-878B19AB6436}.AppStore|x86.Build.0 = Release|x86
		{039A6756-A441-4DF5-B057-878B19AB6436}.AppStore|x86.Deploy.0 = Release|x86
		{039A6756-A441-4DF5-B057-878B19AB6436}.Debug|Any CPU.ActiveCfg = Debug|x86
		{039A6756-A441-4DF5-B057-878B19AB6436}.Debug|ARM.ActiveCfg = Debug|ARM
		{039A6756-A441-4DF5-B057-878B19AB6436}.Debug|ARM.Build.0 = Debug|ARM
		{039A6756-A441-4DF5-B057-878B19AB6436}.Debug|ARM.Deploy.0 = Debug|ARM
		{039A6756-A441-4DF5-B057-878B19AB6436}.Debug|iPhone.ActiveCfg = Debug|x86
		{039A6756-A441-4DF5-B057-878B19AB6436}.Debug|iPhoneSimulator.ActiveCfg = Debug|x86
		{039A6756-A441-4DF5-B057-878B19AB6436}.Debug|x64.ActiveCfg = Debug|x64
		{039A6756-A441-4DF5-B057-878B19AB6436}.Debug|x64.Build.0 = Debug|x64
		{039A6756-A441-4DF5-B057-878B19AB6436}.Debug|x64.Deploy.0 = Debug|x64
		{039A6756-A441-4DF5-B057-878B19AB6436}.Debug|x86.ActiveCfg = Debug|x86
		{039A6756-A441-4DF5-B057-878B19AB6436}.Debug|x86.Build.0 = Debug|x86
		{039A6756-A441-4DF5-B057-878B19AB6436}.Debug|x86.Deploy.0 = Debug|x86
		{039A6756-A441-4DF5-B057-878B19AB6436}.Release|Any CPU.ActiveCfg = Release|x86
		{039A6756-A441-4DF5-B057-878B19AB6436}.Release|ARM.ActiveCfg = Release|ARM
		{039A6756-A441-4DF5-B057-878B19AB6436}.Release|ARM.Build.0 = Release|ARM
		{039A6756-A441-4DF5-B057-878B19AB6436}.Release|ARM.Deploy.0 = Release|ARM
		{039A6756-A441-4DF5-B057-878B19AB6436}.Release|iPhone.ActiveCfg = Release|x86
		{039A6756-A441-4DF5-B057-878B19AB6436}.Release|iPhoneSimulator.ActiveCfg = Release|x86
		{039A6756-A441-4DF5-B057-878B19AB6436}.Release|x64.ActiveCfg = Release|x64
		{039A6756-A441-4DF5-B057-878B19AB6436}.Release|x64.Build.0 = Release|x64
		{039A6756-A441-4DF5-B057-878B19AB6436}.Release|x64.Deploy.0 = Release|x64
		{039A6756-A441-4DF5-B057-878B19AB6436}.Release|x86.ActiveCfg = Release|x86
		{039A6756-A441-4DF5-B057-878B19AB6436}.Release|x86.Build.0 = Release|x86
		{039A6756-A441-4DF5-B057-878B19AB6436}.Release|x86.Deploy.0 = Release|x86
		{D4892CC1-AAE1-4E4C-B3AB-545D9B059799}.Ad-Hoc|Any CPU.ActiveCfg = Debug|Any CPU
		{D4892CC1-AAE1-4E4C-B3AB-545D9B059799}.Ad-Hoc|Any CPU.Build.0 = Debug|Any CPU
		{D4892CC1-AAE1-4E4C-B3AB-545D9B059799}.Ad-Hoc|ARM.ActiveCfg = Debug|Any CPU
		{D4892CC1-AAE1-4E4C-B3AB-545D9B059799}.Ad-Hoc|ARM.Build.0 = Debug|Any CPU
		{D4892CC1-AAE1-4E4C-B3AB-545D9B059799}.Ad-Hoc|iPhone.ActiveCfg = Debug|Any CPU
		{D4892CC1-AAE1-4E4C-B3AB-545D9B059799}.Ad-Hoc|iPhone.Build.0 = Debug|Any CPU
		{D4892CC1-AAE1-4E4C-B3AB-545D9B059799}.Ad-Hoc|iPhoneSimulator.ActiveCfg = Debug|Any CPU
		{D4892CC1-AAE1-4E4C-B3AB-545D9B059799}.Ad-Hoc|iPhoneSimulator.Build.0 = Debug|Any CPU
		{D4892CC1-AAE1-4E4C-B3AB-545D9B059799}.Ad-Hoc|x64.ActiveCfg = Debug|Any CPU
		{D4892CC1-AAE1-4E4C-B3AB-545D9B059799}.Ad-Hoc|x64.Build.0 = Debug|Any CPU
		{D4892CC1-AAE1-4E4C-B3AB-545D9B059799}.Ad-Hoc|x86.ActiveCfg = Debug|Any CPU
		{D4892CC1-AAE1-4E4C-B3AB-545D9B059799}.Ad-Hoc|x86.Build.0 = Debug|Any CPU
		{D4892CC1-AAE1-4E4C-B3AB-545D9B059799}.AppStore|Any CPU.ActiveCfg = Debug|Any CPU
		{D4892CC1-AAE1-4E4C-B3AB-545D9B059799}.AppStore|Any CPU.Build.0 = Debug|Any CPU
		{D4892CC1-AAE1-4E4C-B3AB-545D9B059799}.AppStore|ARM.ActiveCfg = Debug|Any CPU
		{D4892CC1-AAE1-4E4C-B3AB-545D9B059799}.AppStore|ARM.Build.0 = Debug|Any CPU
		{D4892CC1-AAE1-4E4C-B3AB-545D9B059799}.AppStore|iPhone.ActiveCfg = Debug|Any CPU
		{D4892CC1-AAE1-4E4C-B3AB-545D9B059799}.AppStore|iPhone.Build.0 = Debug|Any CPU
		{D4892CC1-AAE1-4E4C-B3AB-545D9B059799}.AppStore|iPhoneSimulator.ActiveCfg = Debug|Any CPU
		{D4892CC1-AAE1-4E4C-B3AB-545D9B059799}.AppStore|iPhoneSimulator.Build.0 = Debug|Any CPU
		{D4892CC1-AAE1-4E4C-B3AB-545D9B059799}.AppStore|x64.ActiveCfg = Debug|Any CPU
		{D4892CC1-AAE1-4E4C-B3AB-545D9B059799}.AppStore|x64.Build.0 = Debug|Any CPU
		{D4892CC1-AAE1-4E4C-B3AB-545D9B059799}.AppStore|x86.ActiveCfg = Debug|Any CPU
		{D4892CC1-AAE1-4E4C-B3AB-545D9B059799}.AppStore|x86.Build.0 = Debug|Any CPU
		{D4892CC1-AAE1-4E4C-B3AB-545D9B059799}.Debug|Any CPU.ActiveCfg = Debug|Any CPU
		{D4892CC1-AAE1-4E4C-B3AB-545D9B059799}.Debug|Any CPU.Build.0 = Debug|Any CPU
		{D4892CC1-AAE1-4E4C-B3AB-545D9B059799}.Debug|ARM.ActiveCfg = Debug|Any CPU
		{D4892CC1-AAE1-4E4C-B3AB-545D9B059799}.Debug|ARM.Build.0 = Debug|Any CPU
		{D4892CC1-AAE1-4E4C-B3AB-545D9B059799}.Debug|iPhone.ActiveCfg = Debug|Any CPU
		{D4892CC1-AAE1-4E4C-B3AB-545D9B059799}.Debug|iPhone.Build.0 = Debug|Any CPU
		{D4892CC1-AAE1-4E4C-B3AB-545D9B059799}.Debug|iPhoneSimulator.ActiveCfg = Debug|Any CPU
		{D4892CC1-AAE1-4E4C-B3AB-545D9B059799}.Debug|iPhoneSimulator.Build.0 = Debug|Any CPU
		{D4892CC1-AAE1-4E4C-B3AB-545D9B059799}.Debug|x64.ActiveCfg = Debug|Any CPU
		{D4892CC1-AAE1-4E4C-B3AB-545D9B059799}.Debug|x64.Build.0 = Debug|Any CPU
		{D4892CC1-AAE1-4E4C-B3AB-545D9B059799}.Debug|x86.ActiveCfg = Debug|Any CPU
		{D4892CC1-AAE1-4E4C-B3AB-545D9B059799}.Debug|x86.Build.0 = Debug|Any CPU
		{D4892CC1-AAE1-4E4C-B3AB-545D9B059799}.Release|Any CPU.ActiveCfg = Release|Any CPU
		{D4892CC1-AAE1-4E4C-B3AB-545D9B059799}.Release|Any CPU.Build.0 = Release|Any CPU
		{D4892CC1-AAE1-4E4C-B3AB-545D9B059799}.Release|ARM.ActiveCfg = Release|Any CPU
		{D4892CC1-AAE1-4E4C-B3AB-545D9B059799}.Release|ARM.Build.0 = Release|Any CPU
		{D4892CC1-AAE1-4E4C-B3AB-545D9B059799}.Release|iPhone.ActiveCfg = Release|Any CPU
		{D4892CC1-AAE1-4E4C-B3AB-545D9B059799}.Release|iPhone.Build.0 = Release|Any CPU
		{D4892CC1-AAE1-4E4C-B3AB-545D9B059799}.Release|iPhoneSimulator.ActiveCfg = Release|Any CPU
		{D4892CC1-AAE1-4E4C-B3AB-545D9B059799}.Release|iPhoneSimulator.Build.0 = Release|Any CPU
		{D4892CC1-AAE1-4E4C-B3AB-545D9B059799}.Release|x64.ActiveCfg = Release|Any CPU
		{D4892CC1-AAE1-4E4C-B3AB-545D9B059799}.Release|x64.Build.0 = Release|Any CPU
		{D4892CC1-AAE1-4E4C-B3AB-545D9B059799}.Release|x86.ActiveCfg = Release|Any CPU
		{D4892CC1-AAE1-4E4C-B3AB-545D9B059799}.Release|x86.Build.0 = Release|Any CPU
	EndGlobalSection
	GlobalSection(SolutionProperties) = preSolution
		HideSolutionNode = FALSE
	EndGlobalSection
	GlobalSection(ExtensibilityGlobals) = postSolution
		SolutionGuid = {14552E52-A486-4179-947C-CBB6C21BD15E}
	EndGlobalSection
EndGlobal
